
Microsoft Visual Studio Solution File, Format Version 12.00
# Visual Studio Version 17
VisualStudioVersion = 17.8.34511.84
MinimumVisualStudioVersion = 10.0.40219.1
Project("{9A19103F-16F7-4668-BE54-9A1E7A4F7556}") = "RazorRepoUI", "RazorCrudUI\RazorRepoUI.csproj", "{945C1D5C-F394-4AEB-BC65-71864E0EF9B1}"
EndProject
Global
	GlobalSection(SolutionConfigurationPlatforms) = preSolution
		Debug|Any CPU = Debug|Any CPU
		Release|Any CPU = Release|Any CPU
	EndGlobalSection
	GlobalSection(ProjectConfigurationPlatforms) = postSolution
		{945C1D5C-F394-4AEB-BC65-71864E0EF9B1}.Debug|Any CPU.ActiveCfg = Debug|Any CPU
		{945C1D5C-F394-4AEB-BC65-71864E0EF9B1}.Debug|Any CPU.Build.0 = Debug|Any CPU
		{945C1D5C-F394-4AEB-BC65-71864E0EF9B1}.Release|Any CPU.ActiveCfg = Release|Any CPU
		{945C1D5C-F394-4AEB-BC65-71864E0EF9B1}.Release|Any CPU.Build.0 = Release|Any CPU
	EndGlobalSection
	GlobalSection(SolutionProperties) = preSolution
		HideSolutionNode = FALSE
	EndGlobalSection
	GlobalSection(ExtensibilityGlobals) = postSolution
		SolutionGuid = {87A3471F-AF00-4338-8FCF-121453A699AD}
	EndGlobalSection
EndGlobal
